// !$*UTF8*$!
{
	archiveVersion = 1;
	classes = {
	};
	objectVersion = 77;
	objects = {

/* Begin PBXContainerItemProxy section */
		3647826A2D5EEF580037AE32 /* PBXContainerItemProxy */ = {
			isa = PBXContainerItemProxy;
			containerPortal = 364782512D5EEF500037AE32 /* Project object */;
			proxyType = 1;
			remoteGlobalIDString = 364782582D5EEF500037AE32;
			remoteInfo = "War Card Game";
		};
		364782742D5EEF580037AE32 /* PBXContainerItemProxy */ = {
			isa = PBXContainerItemProxy;
			containerPortal = 364782512D5EEF500037AE32 /* Project object */;
			proxyType = 1;
			remoteGlobalIDString = 364782582D5EEF500037AE32;
			remoteInfo = "War Card Game";
		};
/* End PBXContainerItemProxy section */

/* Begin PBXFileReference section */
		364782592D5EEF500037AE32 /* War Card Game.app */ = {isa = PBXFileReference; explicitFileType = wrapper.application; includeInIndex = 0; path = "War Card Game.app"; sourceTree = BUILT_PRODUCTS_DIR; };
		364782692D5EEF580037AE32 /* War Card GameTests.xctest */ = {isa = PBXFileReference; explicitFileType = wrapper.cfbundle; includeInIndex = 0; path = "War Card GameTests.xctest"; sourceTree = BUILT_PRODUCTS_DIR; };
		364782732D5EEF580037AE32 /* War Card GameUITests.xctest */ = {isa = PBXFileReference; explicitFileType = wrapper.cfbundle; includeInIndex = 0; path = "War Card GameUITests.xctest"; sourceTree = BUILT_PRODUCTS_DIR; };
/* End PBXFileReference section */

/* Begin PBXFileSystemSynchronizedBuildFileExceptionSet section */
		366F9C8D2D7E8B2A004183D4 /* Exceptions for "War Card Game" folder in "War Card Game" target */ = {
			isa = PBXFileSystemSynchronizedBuildFileExceptionSet;
			membershipExceptions = (
				.swift,
			);
			target = 364782582D5EEF500037AE32 /* War Card Game */;
		};
/* End PBXFileSystemSynchronizedBuildFileExceptionSet section */

/* Begin PBXFileSystemSynchronizedGroupBuildPhaseMembershipExceptionSet section */
		366F9C8E2D7E8B2A004183D4 /* Exceptions for "War Card Game" folder in "Compile Sources" phase from "War Card Game" target */ = {
			isa = PBXFileSystemSynchronizedGroupBuildPhaseMembershipExceptionSet;
			buildPhase = 364782552D5EEF500037AE32 /* Sources */;
			membershipExceptions = (
				.swift,
			);
		};
/* End PBXFileSystemSynchronizedGroupBuildPhaseMembershipExceptionSet section */

/* Begin PBXFileSystemSynchronizedRootGroup section */
		3647825B2D5EEF500037AE32 /* War Card Game */ = {
			isa = PBXFileSystemSynchronizedRootGroup;
			exceptions = (
				366F9C8D2D7E8B2A004183D4 /* Exceptions for "War Card Game" folder in "War Card Game" target */,
				366F9C8E2D7E8B2A004183D4 /* Exceptions for "War Card Game" folder in "Compile Sources" phase from "War Card Game" target */,
			);
			path = "War Card Game";
			sourceTree = "<group>";
		};
		3647826C2D5EEF580037AE32 /* War Card GameTests */ = {
			isa = PBXFileSystemSynchronizedRootGroup;
			path = "War Card GameTests";
			sourceTree = "<group>";
		};
		364782762D5EEF580037AE32 /* War Card GameUITests */ = {
			isa = PBXFileSystemSynchronizedRootGroup;
			path = "War Card GameUITests";
			sourceTree = "<group>";
		};
/* End PBXFileSystemSynchronizedRootGroup section */

/* Begin PBXFrameworksBuildPhase section */
		364782562D5EEF500037AE32 /* Frameworks */ = {
			isa = PBXFrameworksBuildPhase;
			buildActionMask = 2147483647;
			files = (
			);
			runOnlyForDeploymentPostprocessing = 0;
		};
		364782662D5EEF580037AE32 /* Frameworks */ = {
			isa = PBXFrameworksBuildPhase;
			buildActionMask = 2147483647;
			files = (
			);
			runOnlyForDeploymentPostprocessing = 0;
		};
		364782702D5EEF580037AE32 /* Frameworks */ = {
			isa = PBXFrameworksBuildPhase;
			buildActionMask = 2147483647;
			files = (
			);
			runOnlyForDeploymentPostprocessing = 0;
		};
/* End PBXFrameworksBuildPhase section */

/* Begin PBXGroup section */
		364782502D5EEF500037AE32 = {
			isa = PBXGroup;
			children = (
				3647825B2D5EEF500037AE32 /* War Card Game */,
				3647826C2D5EEF580037AE32 /* War Card GameTests */,
				364782762D5EEF580037AE32 /* War Card GameUITests */,
				3647825A2D5EEF500037AE32 /* Products */,
			);
			sourceTree = "<group>";
		};
		3647825A2D5EEF500037AE32 /* Products */ = {
			isa = PBXGroup;
			children = (
				364782592D5EEF500037AE32 /* War Card Game.app */,
				364782692D5EEF580037AE32 /* War Card GameTests.xctest */,
				364782732D5EEF580037AE32 /* War Card GameUITests.xctest */,
			);
			name = Products;
			sourceTree = "<group>";
		};
/* End PBXGroup section */

/* Begin PBXNativeTarget section */
		364782582D5EEF500037AE32 /* War Card Game */ = {
			isa = PBXNativeTarget;
			buildConfigurationList = 3647827D2D5EEF580037AE32 /* Build configuration list for PBXNativeTarget "War Card Game" */;
			buildPhases = (
				364782552D5EEF500037AE32 /* Sources */,
				364782562D5EEF500037AE32 /* Frameworks */,
				364782572D5EEF500037AE32 /* Resources */,
			);
			buildRules = (
			);
			dependencies = (
			);
			fileSystemSynchronizedGroups = (
				3647825B2D5EEF500037AE32 /* War Card Game */,
			);
			name = "War Card Game";
			packageProductDependencies = (
			);
			productName = "War Card Game";
			productReference = 364782592D5EEF500037AE32 /* War Card Game.app */;
			productType = "com.apple.product-type.application";
		};
		364782682D5EEF580037AE32 /* War Card GameTests */ = {
			isa = PBXNativeTarget;
			buildConfigurationList = 364782802D5EEF580037AE32 /* Build configuration list for PBXNativeTarget "War Card GameTests" */;
			buildPhases = (
				364782652D5EEF580037AE32 /* Sources */,
				364782662D5EEF580037AE32 /* Frameworks */,
				364782672D5EEF580037AE32 /* Resources */,
			);
			buildRules = (
			);
			dependencies = (
				3647826B2D5EEF580037AE32 /* PBXTargetDependency */,
			);
			fileSystemSynchronizedGroups = (
				3647826C2D5EEF580037AE32 /* War Card GameTests */,
			);
			name = "War Card GameTests";
			packageProductDependencies = (
			);
			productName = "War Card GameTests";
			productReference = 364782692D5EEF580037AE32 /* War Card GameTests.xctest */;
			productType = "com.apple.product-type.bundle.unit-test";
		};
		364782722D5EEF580037AE32 /* War Card GameUITests */ = {
			isa = PBXNativeTarget;
			buildConfigurationList = 364782832D5EEF580037AE32 /* Build configuration list for PBXNativeTarget "War Card GameUITests" */;
			buildPhases = (
				3647826F2D5EEF580037AE32 /* Sources */,
				364782702D5EEF580037AE32 /* Frameworks */,
				364782712D5EEF580037AE32 /* Resources */,
			);
			buildRules = (
			);
			dependencies = (
				364782752D5EEF580037AE32 /* PBXTargetDependency */,
			);
			fileSystemSynchronizedGroups = (
				364782762D5EEF580037AE32 /* War Card GameUITests */,
			);
			name = "War Card GameUITests";
			packageProductDependencies = (
			);
			productName = "War Card GameUITests";
			productReference = 364782732D5EEF580037AE32 /* War Card GameUITests.xctest */;
			productType = "com.apple.product-type.bundle.ui-testing";
		};
/* End PBXNativeTarget section */

/* Begin PBXProject section */
		364782512D5EEF500037AE32 /* Project object */ = {
			isa = PBXProject;
			attributes = {
				BuildIndependentTargetsInParallel = 1;
				LastSwiftUpdateCheck = 1620;
				LastUpgradeCheck = 1620;
				TargetAttributes = {
					364782582D5EEF500037AE32 = {
						CreatedOnToolsVersion = 16.2;
					};
					364782682D5EEF580037AE32 = {
						CreatedOnToolsVersion = 16.2;
						TestTargetID = 364782582D5EEF500037AE32;
					};
					364782722D5EEF580037AE32 = {
						CreatedOnToolsVersion = 16.2;
						TestTargetID = 364782582D5EEF500037AE32;
					};
				};
			};
			buildConfigurationList = 364782542D5EEF500037AE32 /* Build configuration list for PBXProject "War Card Game" */;
			developmentRegion = en;
			hasScannedForEncodings = 0;
			knownRegions = (
				en,
				Base,
			);
			mainGroup = 364782502D5EEF500037AE32;
			minimizedProjectReferenceProxies = 1;
			preferredProjectObjectVersion = 77;
			productRefGroup = 3647825A2D5EEF500037AE32 /* Products */;
			projectDirPath = "";
			projectRoot = "";
			targets = (
				364782582D5EEF500037AE32 /* War Card Game */,
				364782682D5EEF580037AE32 /* War Card GameTests */,
				364782722D5EEF580037AE32 /* War Card GameUITests */,
			);
		};
/* End PBXProject section */

/* Begin PBXResourcesBuildPhase section */
		364782572D5EEF500037AE32 /* Resources */ = {
			isa = PBXResourcesBuildPhase;
			buildActionMask = 2147483647;
			files = (
			);
			runOnlyForDeploymentPostprocessing = 0;
		};
		364782672D5EEF580037AE32 /* Resources */ = {
			isa = PBXResourcesBuildPhase;
			buildActionMask = 2147483647;
			files = (
			);
			runOnlyForDeploymentPostprocessing = 0;
		};
		364782712D5EEF580037AE32 /* Resources */ = {
			isa = PBXResourcesBuildPhase;
			buildActionMask = 2147483647;
			files = (
			);
			runOnlyForDeploymentPostprocessing = 0;
		};
/* End PBXResourcesBuildPhase section */

/* Begin PBXSourcesBuildPhase section */
		364782552D5EEF500037AE32 /* Sources */ = {
			isa = PBXSourcesBuildPhase;
			buildActionMask = 2147483647;
			files = (
			);
			runOnlyForDeploymentPostprocessing = 0;
		};
		364782652D5EEF580037AE32 /* Sources */ = {
			isa = PBXSourcesBuildPhase;
			buildActionMask = 2147483647;
			files = (
			);
			runOnlyForDeploymentPostprocessing = 0;
		};
		3647826F2D5EEF580037AE32 /* Sources */ = {
			isa = PBXSourcesBuildPhase;
			buildActionMask = 2147483647;
			files = (
			);
			runOnlyForDeploymentPostprocessing = 0;
		};
/* End PBXSourcesBuildPhase section */

/* Begin PBXTargetDependency section */
		3647826B2D5EEF580037AE32 /* PBXTargetDependency */ = {
			isa = PBXTargetDependency;
			target = 364782582D5EEF500037AE32 /* War Card Game */;
			targetProxy = 3647826A2D5EEF580037AE32 /* PBXContainerItemProxy */;
		};
		364782752D5EEF580037AE32 /* PBXTargetDependency */ = {
			isa = PBXTargetDependency;
			target = 364782582D5EEF500037AE32 /* War Card Game */;
			targetProxy = 364782742D5EEF580037AE32 /* PBXContainerItemProxy */;
		};
/* End PBXTargetDependency section */

/* Begin XCBuildConfiguration section */
		3647827B2D5EEF580037AE32 /* Debug */ = {
			isa = XCBuildConfiguration;
			buildSettings = {
				ALWAYS_SEARCH_USER_PATHS = NO;
				ASSETCATALOG_COMPILER_GENERATE_SWIFT_ASSET_SYMBOL_EXTENSIONS = YES;
				CLANG_ANALYZER_NONNULL = YES;
				CLANG_ANALYZER_NUMBER_OBJECT_CONVERSION = YES_AGGRESSIVE;
				CLANG_CXX_LANGUAGE_STANDARD = "gnu++20";
				CLANG_ENABLE_MODULES = YES;
				CLANG_ENABLE_OBJC_ARC = YES;
				CLANG_ENABLE_OBJC_WEAK = YES;
				CLANG_WARN_BLOCK_CAPTURE_AUTORELEASING = YES;
				CLANG_WARN_BOOL_CONVERSION = YES;
				CLANG_WARN_COMMA = YES;
				CLANG_WARN_CONSTANT_CONVERSION = YES;
				CLANG_WARN_DEPRECATED_OBJC_IMPLEMENTATIONS = YES;
				CLANG_WARN_DIRECT_OBJC_ISA_USAGE = YES_ERROR;
				CLANG_WARN_DOCUMENTATION_COMMENTS = YES;
				CLANG_WARN_EMPTY_BODY = YES;
				CLANG_WARN_ENUM_CONVERSION = YES;
				CLANG_WARN_INFINITE_RECURSION = YES;
				CLANG_WARN_INT_CONVERSION = YES;
				CLANG_WARN_NON_LITERAL_NULL_CONVERSION = YES;
				CLANG_WARN_OBJC_IMPLICIT_RETAIN_SELF = YES;
				CLANG_WARN_OBJC_LITERAL_CONVERSION = YES;
				CLANG_WARN_OBJC_ROOT_CLASS = YES_ERROR;
				CLANG_WARN_QUOTED_INCLUDE_IN_FRAMEWORK_HEADER = YES;
				CLANG_WARN_RANGE_LOOP_ANALYSIS = YES;
				CLANG_WARN_STRICT_PROTOTYPES = YES;
				CLANG_WARN_SUSPICIOUS_MOVE = YES;
				CLANG_WARN_UNGUARDED_AVAILABILITY = YES_AGGRESSIVE;
				CLANG_WARN_UNREACHABLE_CODE = YES;
				CLANG_WARN__DUPLICATE_METHOD_MATCH = YES;
				COPY_PHASE_STRIP = NO;
				DEBUG_INFORMATION_FORMAT = dwarf;
				ENABLE_STRICT_OBJC_MSGSEND = YES;
				ENABLE_TESTABILITY = YES;
				ENABLE_USER_SCRIPT_SANDBOXING = YES;
				GCC_C_LANGUAGE_STANDARD = gnu17;
				GCC_DYNAMIC_NO_PIC = NO;
				GCC_NO_COMMON_BLOCKS = YES;
				GCC_OPTIMIZATION_LEVEL = 0;
				GCC_PREPROCESSOR_DEFINITIONS = (
					"DEBUG=1",
					"$(inherited)",
				);
				GCC_WARN_64_TO_32_BIT_CONVERSION = YES;
				GCC_WARN_ABOUT_RETURN_TYPE = YES_ERROR;
				GCC_WARN_UNDECLARED_SELECTOR = YES;
				GCC_WARN_UNINITIALIZED_AUTOS = YES_AGGRESSIVE;
				GCC_WARN_UNUSED_FUNCTION = YES;
				GCC_WARN_UNUSED_VARIABLE = YES;
				IPHONEOS_DEPLOYMENT_TARGET = 18.2;
				LOCALIZATION_PREFERS_STRING_CATALOGS = YES;
				MTL_ENABLE_DEBUG_INFO = INCLUDE_SOURCE;
				MTL_FAST_MATH = YES;
				ONLY_ACTIVE_ARCH = YES;
				SDKROOT = iphoneos;
				SWIFT_ACTIVE_COMPILATION_CONDITIONS = "DEBUG $(inherited)";
				SWIFT_OPTIMIZATION_LEVEL = "-Onone";
			};
			name = Debug;
		};
		3647827C2D5EEF580037AE32 /* Release */ = {
			isa = XCBuildConfiguration;
			buildSettings = {
				ALWAYS_SEARCH_USER_PATHS = NO;
				ASSETCATALOG_COMPILER_GENERATE_SWIFT_ASSET_SYMBOL_EXTENSIONS = YES;
				CLANG_ANALYZER_NONNULL = YES;
				CLANG_ANALYZER_NUMBER_OBJECT_CONVERSION = YES_AGGRESSIVE;
				CLANG_CXX_LANGUAGE_STANDARD = "gnu++20";
				CLANG_ENABLE_MODULES = YES;
				CLANG_ENABLE_OBJC_ARC = YES;
				CLANG_ENABLE_OBJC_WEAK = YES;
				CLANG_WARN_BLOCK_CAPTURE_AUTORELEASING = YES;
				CLANG_WARN_BOOL_CONVERSION = YES;
				CLANG_WARN_COMMA = YES;
				CLANG_WARN_CONSTANT_CONVERSION = YES;
				CLANG_WARN_DEPRECATED_OBJC_IMPLEMENTATIONS = YES;
				CLANG_WARN_DIRECT_OBJC_ISA_USAGE = YES_ERROR;
				CLANG_WARN_DOCUMENTATION_COMMENTS = YES;
				CLANG_WARN_EMPTY_BODY = YES;
				CLANG_WARN_ENUM_CONVERSION = YES;
				CLANG_WARN_INFINITE_RECURSION = YES;
				CLANG_WARN_INT_CONVERSION = YES;
				CLANG_WARN_NON_LITERAL_NULL_CONVERSION = YES;
				CLANG_WARN_OBJC_IMPLICIT_RETAIN_SELF = YES;
				CLANG_WARN_OBJC_LITERAL_CONVERSION = YES;
				CLANG_WARN_OBJC_ROOT_CLASS = YES_ERROR;
				CLANG_WARN_QUOTED_INCLUDE_IN_FRAMEWORK_HEADER = YES;
				CLANG_WARN_RANGE_LOOP_ANALYSIS = YES;
				CLANG_WARN_STRICT_PROTOTYPES = YES;
				CLANG_WARN_SUSPICIOUS_MOVE = YES;
				CLANG_WARN_UNGUARDED_AVAILABILITY = YES_AGGRESSIVE;
				CLANG_WARN_UNREACHABLE_CODE = YES;
				CLANG_WARN__DUPLICATE_METHOD_MATCH = YES;
				COPY_PHASE_STRIP = NO;
				DEBUG_INFORMATION_FORMAT = "dwarf-with-dsym";
				ENABLE_NS_ASSERTIONS = NO;
				ENABLE_STRICT_OBJC_MSGSEND = YES;
				ENABLE_USER_SCRIPT_SANDBOXING = YES;
				GCC_C_LANGUAGE_STANDARD = gnu17;
				GCC_NO_COMMON_BLOCKS = YES;
				GCC_WARN_64_TO_32_BIT_CONVERSION = YES;
				GCC_WARN_ABOUT_RETURN_TYPE = YES_ERROR;
				GCC_WARN_UNDECLARED_SELECTOR = YES;
				GCC_WARN_UNINITIALIZED_AUTOS = YES_AGGRESSIVE;
				GCC_WARN_UNUSED_FUNCTION = YES;
				GCC_WARN_UNUSED_VARIABLE = YES;
				IPHONEOS_DEPLOYMENT_TARGET = 18.2;
				LOCALIZATION_PREFERS_STRING_CATALOGS = YES;
				MTL_ENABLE_DEBUG_INFO = NO;
				MTL_FAST_MATH = YES;
				SDKROOT = iphoneos;
				SWIFT_COMPILATION_MODE = wholemodule;
				VALIDATE_PRODUCT = YES;
			};
			name = Release;
		};
		3647827E2D5EEF580037AE32 /* Debug */ = {
			isa = XCBuildConfiguration;
			buildSettings = {
				ASSETCATALOG_COMPILER_APPICON_NAME = AppIcon;
				ASSETCATALOG_COMPILER_GLOBAL_ACCENT_COLOR_NAME = AccentColor;
				CODE_SIGN_STYLE = Automatic;
				CURRENT_PROJECT_VERSION = 1;
				DEVELOPMENT_ASSET_PATHS = "\"War Card Game/Preview Content\"";
				DEVELOPMENT_TEAM = TP2DZFA6Z4;
				ENABLE_PREVIEWS = YES;
				GENERATE_INFOPLIST_FILE = YES;
				INFOPLIST_KEY_UIApplicationSceneManifest_Generation = YES;
				INFOPLIST_KEY_UIApplicationSupportsIndirectInputEvents = YES;
				INFOPLIST_KEY_UILaunchScreen_Generation = YES;
				INFOPLIST_KEY_UISupportedInterfaceOrientations_iPad = "UIInterfaceOrientationPortrait UIInterfaceOrientationPortraitUpsideDown UIInterfaceOrientationLandscapeLeft UIInterfaceOrientationLandscapeRight";
				INFOPLIST_KEY_UISupportedInterfaceOrientations_iPhone = "UIInterfaceOrientationPortrait UIInterfaceOrientationLandscapeLeft UIInterfaceOrientationLandscapeRight";
				LD_RUNPATH_SEARCH_PATHS = (
					"$(inherited)",
					"@executable_path/Frameworks",
				);
				MARKETING_VERSION = 1.0;
				PRODUCT_BUNDLE_IDENTIFIER = "com.RaniShah.War-Card-Game";
				PRODUCT_NAME = "$(TARGET_NAME)";
				SWIFT_EMIT_LOC_STRINGS = YES;
				SWIFT_VERSION = 5.0;
				TARGETED_DEVICE_FAMILY = "1,2";
			};
			name = Debug;
		};
		3647827F2D5EEF580037AE32 /* Release */ = {
			isa = XCBuildConfiguration;
			buildSettings = {
				ASSETCATALOG_COMPILER_APPICON_NAME = AppIcon;
				ASSETCATALOG_COMPILER_GLOBAL_ACCENT_COLOR_NAME = AccentColor;
				CODE_SIGN_STYLE = Automatic;
				CURRENT_PROJECT_VERSION = 1;
				DEVELOPMENT_ASSET_PATHS = "\"War Card Game/Preview Content\"";
				DEVELOPMENT_TEAM = TP2DZFA6Z4;
				ENABLE_PREVIEWS = YES;
				GENERATE_INFOPLIST_FILE = YES;
				INFOPLIST_KEY_UIApplicationSceneManifest_Generation = YES;
				INFOPLIST_KEY_UIApplicationSupportsIndirectInputEvents = YES;
				INFOPLIST_KEY_UILaunchScreen_Generation = YES;
				INFOPLIST_KEY_UISupportedInterfaceOrientations_iPad = "UIInterfaceOrientationPortrait UIInterfaceOrientationPortraitUpsideDown UIInterfaceOrientationLandscapeLeft UIInterfaceOrientationLandscapeRight";
				INFOPLIST_KEY_UISupportedInterfaceOrientations_iPhone = "UIInterfaceOrientationPortrait UIInterfaceOrientationLandscapeLeft UIInterfaceOrientationLandscapeRight";
				LD_RUNPATH_SEARCH_PATHS = (
					"$(inherited)",
					"@executable_path/Frameworks",
				);
				MARKETING_VERSION = 1.0;
				PRODUCT_BUNDLE_IDENTIFIER = "com.RaniShah.War-Card-Game";
				PRODUCT_NAME = "$(TARGET_NAME)";
				SWIFT_EMIT_LOC_STRINGS = YES;
				SWIFT_VERSION = 5.0;
				TARGETED_DEVICE_FAMILY = "1,2";
			};
			name = Release;
		};
		364782812D5EEF580037AE32 /* Debug */ = {
			isa = XCBuildConfiguration;
			buildSettings = {
				BUNDLE_LOADER = "$(TEST_HOST)";
				CODE_SIGN_STYLE = Automatic;
				CURRENT_PROJECT_VERSION = 1;
				DEVELOPMENT_TEAM = TP2DZFA6Z4;
				GENERATE_INFOPLIST_FILE = YES;
				IPHONEOS_DEPLOYMENT_TARGET = 18.2;
				MARKETING_VERSION = 1.0;
				PRODUCT_BUNDLE_IDENTIFIER = "com.RaniShah.War-Card-GameTests";
				PRODUCT_NAME = "$(TARGET_NAME)";
				SWIFT_EMIT_LOC_STRINGS = NO;
				SWIFT_VERSION = 5.0;
				TARGETED_DEVICE_FAMILY = "1,2";
				TEST_HOST = "$(BUILT_PRODUCTS_DIR)/War Card Game.app/$(BUNDLE_EXECUTABLE_FOLDER_PATH)/War Card Game";
			};
			name = Debug;
		};
		364782822D5EEF580037AE32 /* Release */ = {
			isa = XCBuildConfiguration;
			buildSettings = {
				BUNDLE_LOADER = "$(TEST_HOST)";
				CODE_SIGN_STYLE = Automatic;
				CURRENT_PROJECT_VERSION = 1;
				DEVELOPMENT_TEAM = TP2DZFA6Z4;
				GENERATE_INFOPLIST_FILE = YES;
				IPHONEOS_DEPLOYMENT_TARGET = 18.2;
				MARKETING_VERSION = 1.0;
				PRODUCT_BUNDLE_IDENTIFIER = "com.RaniShah.War-Card-GameTests";
				PRODUCT_NAME = "$(TARGET_NAME)";
				SWIFT_EMIT_LOC_STRINGS = NO;
				SWIFT_VERSION = 5.0;
				TARGETED_DEVICE_FAMILY = "1,2";
				TEST_HOST = "$(BUILT_PRODUCTS_DIR)/War Card Game.app/$(BUNDLE_EXECUTABLE_FOLDER_PATH)/War Card Game";
			};
			name = Release;
		};
		364782842D5EEF580037AE32 /* Debug */ = {
			isa = XCBuildConfiguration;
			buildSettings = {
				CODE_SIGN_STYLE = Automatic;
				CURRENT_PROJECT_VERSION = 1;
				DEVELOPMENT_TEAM = TP2DZFA6Z4;
				GENERATE_INFOPLIST_FILE = YES;
				MARKETING_VERSION = 1.0;
				PRODUCT_BUNDLE_IDENTIFIER = "com.RaniShah.War-Card-GameUITests";
				PRODUCT_NAME = "$(TARGET_NAME)";
				SWIFT_EMIT_LOC_STRINGS = NO;
				SWIFT_VERSION = 5.0;
				TARGETED_DEVICE_FAMILY = "1,2";
				TEST_TARGET_NAME = "War Card Game";
			};
			name = Debug;
		};
		364782852D5EEF580037AE32 /* Release */ = {
			isa = XCBuildConfiguration;
			buildSettings = {
				CODE_SIGN_STYLE = Automatic;
				CURRENT_PROJECT_VERSION = 1;
				DEVELOPMENT_TEAM = TP2DZFA6Z4;
				GENERATE_INFOPLIST_FILE = YES;
				MARKETING_VERSION = 1.0;
				PRODUCT_BUNDLE_IDENTIFIER = "com.RaniShah.War-Card-GameUITests";
				PRODUCT_NAME = "$(TARGET_NAME)";
				SWIFT_EMIT_LOC_STRINGS = NO;
				SWIFT_VERSION = 5.0;
				TARGETED_DEVICE_FAMILY = "1,2";
				TEST_TARGET_NAME = "War Card Game";
			};
			name = Release;
		};
/* End XCBuildConfiguration section */

/* Begin XCConfigurationList section */
		364782542D5EEF500037AE32 /* Build configuration list for PBXProject "War Card Game" */ = {
			isa = XCConfigurationList;
			buildConfigurations = (
				3647827B2D5EEF580037AE32 /* Debug */,
				3647827C2D5EEF580037AE32 /* Release */,
			);
			defaultConfigurationIsVisible = 0;
			defaultConfigurationName = Release;
		};
		3647827D2D5EEF580037AE32 /* Build configuration list for PBXNativeTarget "War Card Game" */ = {
			isa = XCConfigurationList;
			buildConfigurations = (
				3647827E2D5EEF580037AE32 /* Debug */,
				3647827F2D5EEF580037AE32 /* Release */,
			);
			defaultConfigurationIsVisible = 0;
			defaultConfigurationName = Release;
		};
		364782802D5EEF580037AE32 /* Build configuration list for PBXNativeTarget "War Card GameTests" */ = {
			isa = XCConfigurationList;
			buildConfigurations = (
				364782812D5EEF580037AE32 /* Debug */,
				364782822D5EEF580037AE32 /* Release */,
			);
			defaultConfigurationIsVisible = 0;
			defaultConfigurationName = Release;
		};
		364782832D5EEF580037AE32 /* Build configuration list for PBXNativeTarget "War Card GameUITests" */ = {
			isa = XCConfigurationList;
			buildConfigurations = (
				364782842D5EEF580037AE32 /* Debug */,
				364782852D5EEF580037AE32 /* Release */,
			);
			defaultConfigurationIsVisible = 0;
			defaultConfigurationName = Release;
		};
/* End XCConfigurationList section */
	};
	rootObject = 364782512D5EEF500037AE32 /* Project object */;
}
